<?xml version="1.0" encoding="utf-8"?>
<Project ToolsVersion="4.0" xmlns="http://schemas.microsoft.com/developer/msbuild/2003">
  <ItemGroup>
    <Filter Include="Source Files">
      <UniqueIdentifier>{4FC737F1-C7A5-4376-A066-2A32D752A2FF}</UniqueIdentifier>
      <Extensions>cpp;c;cc;cxx;def;odl;idl;hpj;bat;asm;asmx</Extensions>
    </Filter>
    <Filter Include="Driver Files">
      <UniqueIdentifier>{8E41214B-6785-4CFE-B992-037D68949A14}</UniqueIdentifier>
      <Extensions>inf;inv;inx;mof;mc;</Extensions>
    </Filter>
    <Filter Include="Common">
      <UniqueIdentifier>{b9bf937c-bba5-484a-b2f9-25aa4c939fc2}</UniqueIdentifier>
    </Filter>
    <Filter Include="Component">
      <UniqueIdentifier>{cf730315-c606-4f12-a40d-1cf08fe433e6}</UniqueIdentifier>
    </Filter>
  </ItemGroup>
  <ItemGroup>
    <Inf Include="HWIDSpoofer.inf">
      <Filter>Driver Files</Filter>
    </Inf>
  </ItemGroup>
  <ItemGroup>
    <ClCompile Include="Main.cpp">
      <Filter>Source Files</Filter>
    </ClCompile>
    <ClCompile Include="Disk.cpp">
      <Filter>Component</Filter>
    </ClCompile>
    <ClCompile Include="Utils.cpp">
      <Filter>Common</Filter>
    </ClCompile>
    <ClCompile Include="Nic.cpp">
      <Filter>Component</Filter>
    </ClCompile>
    <ClCompile Include="Smbios.cpp">
      <Filter>Component</Filter>
    </ClCompile>
    <ClCompile Include="HWIDSpoofer.cpp">
      <Filter>Source Files</Filter>
    </ClCompile>
    <ClCompile Include="Gpu.cpp">
      <Filter>Component</Filter>
    </ClCompile>
  </ItemGroup>
  <ItemGroup>
    <ClInclude Include="Shared.h">
      <Filter>Common</Filter>
    </ClInclude>
    <ClInclude Include="Logger.hpp">
      <Filter>Common</Filter>
    </ClInclude>
    <ClInclude Include="Disk.h">
      <Filter>Component</Filter>
    </ClInclude>
    <ClInclude Include="Utils.h">
      <Filter>Common</Filter>
    </ClInclude>
    <ClInclude Include="Nic.h">
      <Filter>Component</Filter>
    </ClInclude>
    <ClInclude Include="Smbios.h">
      <Filter>Component</Filter>
    </ClInclude>
    <ClInclude Include="HWIDChanger.h">
      <Filter>Component</Filter>
    </ClInclude>
    <ClInclude Include="HWIDSpoofer.h">
      <Filter>Source Files</Filter>
    </ClInclude>
    <ClInclude Include="Gpu.h">
      <Filter>Component</Filter>
    </ClInclude>
    <ClInclude Include="NVInfo.h">
      <Filter>Common</Filter>
    </ClInclude>
  </ItemGroup>
</Project>